
Microsoft Visual Studio Solution File, Format Version 12.00
# Visual Studio Version 17
VisualStudioVersion = 17.2.32616.157
MinimumVisualStudioVersion = 10.0.40219.1
Project("{9A19103F-16F7-4668-BE54-9A1E7A4F7556}") = "CalculatorApp", "CalculatorApp\CalculatorApp.csproj", "{CDB32741-B7CD-49B1-9217-7CF8F41F332E}"
EndProject
Project("{FAE04EC0-301F-11D3-BF4B-00C04F79EFBC}") = "Calculator.Logic", "Calculator.Logic\Calculator.Logic.csproj", "{31472D41-592A-49DE-93EE-D2385597BD02}"
EndProject
Project("{FAE04EC0-301F-11D3-BF4B-00C04F79EFBC}") = "CalculatorUnitTest", "CalculatorUnitTest\CalculatorUnitTest.csproj", "{AB2336C9-C7F3-4A96-8A7B-BBFC538CDDFC}"
EndProject
Global
	GlobalSection(SolutionConfigurationPlatforms) = preSolution
		Debug|Any CPU = Debug|Any CPU
		Release|Any CPU = Release|Any CPU
	EndGlobalSection
	GlobalSection(ProjectConfigurationPlatforms) = postSolution
		{CDB32741-B7CD-49B1-9217-7CF8F41F332E}.Debug|Any CPU.ActiveCfg = Debug|Any CPU
		{CDB32741-B7CD-49B1-9217-7CF8F41F332E}.Debug|Any CPU.Build.0 = Debug|Any CPU
		{CDB32741-B7CD-49B1-9217-7CF8F41F332E}.Release|Any CPU.ActiveCfg = Release|Any CPU
		{CDB32741-B7CD-49B1-9217-7CF8F41F332E}.Release|Any CPU.Build.0 = Release|Any CPU
		{31472D41-592A-49DE-93EE-D2385597BD02}.Debug|Any CPU.ActiveCfg = Debug|Any CPU
		{31472D41-592A-49DE-93EE-D2385597BD02}.Debug|Any CPU.Build.0 = Debug|Any CPU
		{31472D41-592A-49DE-93EE-D2385597BD02}.Release|Any CPU.ActiveCfg = Release|Any CPU
		{31472D41-592A-49DE-93EE-D2385597BD02}.Release|Any CPU.Build.0 = Release|Any CPU
		{AB2336C9-C7F3-4A96-8A7B-BBFC538CDDFC}.Debug|Any CPU.ActiveCfg = Debug|Any CPU
		{AB2336C9-C7F3-4A96-8A7B-BBFC538CDDFC}.Debug|Any CPU.Build.0 = Debug|Any CPU
		{AB2336C9-C7F3-4A96-8A7B-BBFC538CDDFC}.Release|Any CPU.ActiveCfg = Release|Any CPU
		{AB2336C9-C7F3-4A96-8A7B-BBFC538CDDFC}.Release|Any CPU.Build.0 = Release|Any CPU
	EndGlobalSection
	GlobalSection(SolutionProperties) = preSolution
		HideSolutionNode = FALSE
	EndGlobalSection
	GlobalSection(ExtensibilityGlobals) = postSolution
		SolutionGuid = {80773B99-583E-4E92-A104-6C78F8A338E5}
	EndGlobalSection
EndGlobal
